
Microsoft Visual Studio Solution File, Format Version 12.00
# Visual Studio 15
VisualStudioVersion = 15.0.27130.2010
MinimumVisualStudioVersion = 10.0.40219.1
Project("{FAE04EC0-301F-11D3-BF4B-00C04F79EFBC}") = "BugTracker.API", "BugTracker.API\BugTracker.API.csproj", "{F104E9A9-D6E9-4A47-80CA-C16FF05DDDFA}"
EndProject
Project("{FAE04EC0-301F-11D3-BF4B-00C04F79EFBC}") = "BugTracker.Application", "BugTracker.Application\BugTracker.Application.csproj", "{7B944417-2DAD-4D59-88DC-A84405E0DA17}"
EndProject
Project("{FAE04EC0-301F-11D3-BF4B-00C04F79EFBC}") = "BugTracker.SharedKernel", "BugTracker.SharedKernel\BugTracker.SharedKernel.csproj", "{F4FE6C51-ADA0-48F1-B16D-3A7DD97269F6}"
EndProject
Project("{FAE04EC0-301F-11D3-BF4B-00C04F79EFBC}") = "BugTracker.Persistence", "BugTracker.Persistence\BugTracker.Persistence.csproj", "{B0F1EB79-5322-4C3A-9184-0822FF3D6B8A}"
EndProject
Project("{FAE04EC0-301F-11D3-BF4B-00C04F79EFBC}") = "BugTracker.Identity", "BugTracker.Identity\BugTracker.Identity.csproj", "{5CC256A2-807E-46D9-8A25-281F7FB0BD71}"
EndProject
Global
	GlobalSection(SolutionConfigurationPlatforms) = preSolution
		Debug|Any CPU = Debug|Any CPU
		Release|Any CPU = Release|Any CPU
	EndGlobalSection
	GlobalSection(ProjectConfigurationPlatforms) = postSolution
		{F104E9A9-D6E9-4A47-80CA-C16FF05DDDFA}.Debug|Any CPU.ActiveCfg = Debug|Any CPU
		{F104E9A9-D6E9-4A47-80CA-C16FF05DDDFA}.Debug|Any CPU.Build.0 = Debug|Any CPU
		{F104E9A9-D6E9-4A47-80CA-C16FF05DDDFA}.Release|Any CPU.ActiveCfg = Release|Any CPU
		{F104E9A9-D6E9-4A47-80CA-C16FF05DDDFA}.Release|Any CPU.Build.0 = Release|Any CPU
		{7B944417-2DAD-4D59-88DC-A84405E0DA17}.Debug|Any CPU.ActiveCfg = Debug|Any CPU
		{7B944417-2DAD-4D59-88DC-A84405E0DA17}.Debug|Any CPU.Build.0 = Debug|Any CPU
		{7B944417-2DAD-4D59-88DC-A84405E0DA17}.Release|Any CPU.ActiveCfg = Release|Any CPU
		{7B944417-2DAD-4D59-88DC-A84405E0DA17}.Release|Any CPU.Build.0 = Release|Any CPU
		{F4FE6C51-ADA0-48F1-B16D-3A7DD97269F6}.Debug|Any CPU.ActiveCfg = Debug|Any CPU
		{F4FE6C51-ADA0-48F1-B16D-3A7DD97269F6}.Debug|Any CPU.Build.0 = Debug|Any CPU
		{F4FE6C51-ADA0-48F1-B16D-3A7DD97269F6}.Release|Any CPU.ActiveCfg = Release|Any CPU
		{F4FE6C51-ADA0-48F1-B16D-3A7DD97269F6}.Release|Any CPU.Build.0 = Release|Any CPU
		{B0F1EB79-5322-4C3A-9184-0822FF3D6B8A}.Debug|Any CPU.ActiveCfg = Debug|Any CPU
		{B0F1EB79-5322-4C3A-9184-0822FF3D6B8A}.Debug|Any CPU.Build.0 = Debug|Any CPU
		{B0F1EB79-5322-4C3A-9184-0822FF3D6B8A}.Release|Any CPU.ActiveCfg = Release|Any CPU
		{B0F1EB79-5322-4C3A-9184-0822FF3D6B8A}.Release|Any CPU.Build.0 = Release|Any CPU
		{5CC256A2-807E-46D9-8A25-281F7FB0BD71}.Debug|Any CPU.ActiveCfg = Debug|Any CPU
		{5CC256A2-807E-46D9-8A25-281F7FB0BD71}.Debug|Any CPU.Build.0 = Debug|Any CPU
		{5CC256A2-807E-46D9-8A25-281F7FB0BD71}.Release|Any CPU.ActiveCfg = Release|Any CPU
		{5CC256A2-807E-46D9-8A25-281F7FB0BD71}.Release|Any CPU.Build.0 = Release|Any CPU
	EndGlobalSection
	GlobalSection(SolutionProperties) = preSolution
		HideSolutionNode = FALSE
	EndGlobalSection
	GlobalSection(ExtensibilityGlobals) = postSolution
		SolutionGuid = {40269340-6BD6-4958-B78F-580B03FF476B}
	EndGlobalSection
EndGlobal
